
Microsoft Visual Studio Solution File, Format Version 12.00
# Visual Studio Version 16
VisualStudioVersion = 16.0.29411.108
MinimumVisualStudioVersion = 10.0.40219.1
Project("{FAE04EC0-301F-11D3-BF4B-00C04F79EFBC}") = "MinhaCalculadoraDeSignos", "MInhaCalculadoraDeSignos\MinhaCalculadoraDeSignos.csproj", "{30D72541-7EF5-47F4-8405-DF900AC74D9B}"
EndProject
Global
	GlobalSection(SolutionConfigurationPlatforms) = preSolution
		Debug|Any CPU = Debug|Any CPU
		Release|Any CPU = Release|Any CPU
	EndGlobalSection
	GlobalSection(ProjectConfigurationPlatforms) = postSolution
		{30D72541-7EF5-47F4-8405-DF900AC74D9B}.Debug|Any CPU.ActiveCfg = Debug|Any CPU
		{30D72541-7EF5-47F4-8405-DF900AC74D9B}.Debug|Any CPU.Build.0 = Debug|Any CPU
		{30D72541-7EF5-47F4-8405-DF900AC74D9B}.Release|Any CPU.ActiveCfg = Release|Any CPU
		{30D72541-7EF5-47F4-8405-DF900AC74D9B}.Release|Any CPU.Build.0 = Release|Any CPU
	EndGlobalSection
	GlobalSection(SolutionProperties) = preSolution
		HideSolutionNode = FALSE
	EndGlobalSection
	GlobalSection(ExtensibilityGlobals) = postSolution
		SolutionGuid = {DC699B29-FF63-46F0-A525-A35B0BFD8088}
	EndGlobalSection
EndGlobal
